
Microsoft Visual Studio Solution File, Format Version 12.00
# Visual Studio Version 16
VisualStudioVersion = 16.0.30907.101
MinimumVisualStudioVersion = 10.0.40219.1
Project("{9A19103F-16F7-4668-BE54-9A1E7A4F7556}") = "Kavak.DomainLayer", "Kawak.DomainLayer\Kavak.DomainLayer.csproj", "{8BC11D3F-247A-4575-8833-C4AE3204A791}"
EndProject
Project("{FAE04EC0-301F-11D3-BF4B-00C04F79EFBC}") = "Kavak.Infra.DataLayer", "Kavak.Infra.DataLayer\Kavak.Infra.DataLayer.csproj", "{3188A337-B572-4103-90B6-8F4715B6CF8F}"
EndProject
Global
	GlobalSection(SolutionConfigurationPlatforms) = preSolution
		Debug|Any CPU = Debug|Any CPU
		Release|Any CPU = Release|Any CPU
	EndGlobalSection
	GlobalSection(ProjectConfigurationPlatforms) = postSolution
		{8BC11D3F-247A-4575-8833-C4AE3204A791}.Debug|Any CPU.ActiveCfg = Debug|Any CPU
		{8BC11D3F-247A-4575-8833-C4AE3204A791}.Debug|Any CPU.Build.0 = Debug|Any CPU
		{8BC11D3F-247A-4575-8833-C4AE3204A791}.Release|Any CPU.ActiveCfg = Release|Any CPU
		{8BC11D3F-247A-4575-8833-C4AE3204A791}.Release|Any CPU.Build.0 = Release|Any CPU
		{3188A337-B572-4103-90B6-8F4715B6CF8F}.Debug|Any CPU.ActiveCfg = Debug|Any CPU
		{3188A337-B572-4103-90B6-8F4715B6CF8F}.Debug|Any CPU.Build.0 = Debug|Any CPU
		{3188A337-B572-4103-90B6-8F4715B6CF8F}.Release|Any CPU.ActiveCfg = Release|Any CPU
		{3188A337-B572-4103-90B6-8F4715B6CF8F}.Release|Any CPU.Build.0 = Release|Any CPU
	EndGlobalSection
	GlobalSection(SolutionProperties) = preSolution
		HideSolutionNode = FALSE
	EndGlobalSection
	GlobalSection(ExtensibilityGlobals) = postSolution
		SolutionGuid = {DCC58BF1-0E65-4154-AC84-59C4F124612A}
	EndGlobalSection
EndGlobal
